
Microsoft Visual Studio Solution File, Format Version 12.00
# Visual Studio Version 16
VisualStudioVersion = 16.0.31205.134
MinimumVisualStudioVersion = 10.0.40219.1
Project("{FAE04EC0-301F-11D3-BF4B-00C04F79EFBC}") = "S7Tutorial", "S7Tutorial\S7Tutorial.csproj", "{B86869FC-1025-42F3-B7A4-FBC9370AA72A}"
EndProject
Global
	GlobalSection(SolutionConfigurationPlatforms) = preSolution
		Debug|Any CPU = Debug|Any CPU
		Release|Any CPU = Release|Any CPU
	EndGlobalSection
	GlobalSection(ProjectConfigurationPlatforms) = postSolution
		{B86869FC-1025-42F3-B7A4-FBC9370AA72A}.Debug|Any CPU.ActiveCfg = Debug|Any CPU
		{B86869FC-1025-42F3-B7A4-FBC9370AA72A}.Debug|Any CPU.Build.0 = Debug|Any CPU
		{B86869FC-1025-42F3-B7A4-FBC9370AA72A}.Release|Any CPU.ActiveCfg = Release|Any CPU
		{B86869FC-1025-42F3-B7A4-FBC9370AA72A}.Release|Any CPU.Build.0 = Release|Any CPU
	EndGlobalSection
	GlobalSection(SolutionProperties) = preSolution
		HideSolutionNode = FALSE
	EndGlobalSection
	GlobalSection(ExtensibilityGlobals) = postSolution
		SolutionGuid = {14DE4F48-F57E-4D9B-AB3F-E3866B20EB84}
	EndGlobalSection
EndGlobal
